Microsoft Visual Studio Solution File, Format Version 12.00
# Visual Studio Version 17
VisualStudioVersion = 17.5.2.0
MinimumVisualStudioVersion = 10.0.40219.1
Project("{FAE04EC0-301F-11D3-BF4B-00C04F79EFBC}") = "fn_post_data_storage", "fn_post_data_storage.csproj", "{2BE6C570-B92C-AE07-0C25-09BDE3DD12A9}"
EndProject
Global
	GlobalSection(SolutionConfigurationPlatforms) = preSolution
		Debug|Any CPU = Debug|Any CPU
		Release|Any CPU = Release|Any CPU
	EndGlobalSection
	GlobalSection(ProjectConfigurationPlatforms) = postSolution
		{2BE6C570-B92C-AE07-0C25-09BDE3DD12A9}.Debug|Any CPU.ActiveCfg = Debug|Any CPU
		{2BE6C570-B92C-AE07-0C25-09BDE3DD12A9}.Debug|Any CPU.Build.0 = Debug|Any CPU
		{2BE6C570-B92C-AE07-0C25-09BDE3DD12A9}.Release|Any CPU.ActiveCfg = Release|Any CPU
		{2BE6C570-B92C-AE07-0C25-09BDE3DD12A9}.Release|Any CPU.Build.0 = Release|Any CPU
	EndGlobalSection
	GlobalSection(SolutionProperties) = preSolution
		HideSolutionNode = FALSE
	EndGlobalSection
	GlobalSection(ExtensibilityGlobals) = postSolution
		SolutionGuid = {A699F5C5-5327-43CF-995D-4721074A3DB2}
	EndGlobalSection
EndGlobal
